
Microsoft Visual Studio Solution File, Format Version 12.00
# Visual Studio Version 16
VisualStudioVersion = 16.0.29920.165
MinimumVisualStudioVersion = 10.0.40219.1
Project("{FAE04EC0-301F-11D3-BF4B-00C04F79EFBC}") = "WindowsFormsWebControls", "WindowsFormsWebControls\WindowsFormsWebControls.csproj", "{AC2C42A3-91B1-41CA-AF3A-C8B3753E1A12}"
EndProject
Global
	GlobalSection(SolutionConfigurationPlatforms) = preSolution
		Debug|Any CPU = Debug|Any CPU
		Release|Any CPU = Release|Any CPU
	EndGlobalSection
	GlobalSection(ProjectConfigurationPlatforms) = postSolution
		{AC2C42A3-91B1-41CA-AF3A-C8B3753E1A12}.Debug|Any CPU.ActiveCfg = Debug|Any CPU
		{AC2C42A3-91B1-41CA-AF3A-C8B3753E1A12}.Debug|Any CPU.Build.0 = Debug|Any CPU
		{AC2C42A3-91B1-41CA-AF3A-C8B3753E1A12}.Release|Any CPU.ActiveCfg = Release|Any CPU
		{AC2C42A3-91B1-41CA-AF3A-C8B3753E1A12}.Release|Any CPU.Build.0 = Release|Any CPU
	EndGlobalSection
	GlobalSection(SolutionProperties) = preSolution
		HideSolutionNode = FALSE
	EndGlobalSection
	GlobalSection(ExtensibilityGlobals) = postSolution
		SolutionGuid = {7DC37312-447A-41D9-8453-8E0B5E158369}
	EndGlobalSection
EndGlobal
